// !$*UTF8*$!
{
	archiveVersion = 1;
	classes = {
	};
	objectVersion = 51;
	objects = {

/* Begin PBXBuildFile section */
		A822F207290D2EC4AE6DD99C /* Pods_WSIET.framework in Frameworks */ = {isa = PBXBuildFile; fileRef = 2DEB3A1ED325CB64D9CAD987 /* Pods_WSIET.framework */; };
		DCB0FC0124B471EC00044ED2 /* SearchViewController.swift in Sources */ = {isa = PBXBuildFile; fileRef = DCB0FC0024B471EC00044ED2 /* SearchViewController.swift */; };
		DCB0FC0324B476C900044ED2 /* BookMarkTableViewController.swift in Sources */ = {isa = PBXBuildFile; fileRef = DCB0FC0224B476C900044ED2 /* BookMarkTableViewController.swift */; };
		DCB0FC0524B4777C00044ED2 /* SettingTableViewController.swift in Sources */ = {isa = PBXBuildFile; fileRef = DCB0FC0424B4777C00044ED2 /* SettingTableViewController.swift */; };
		DCCD4E6324AB18B2001F4751 /* AppDelegate.swift in Sources */ = {isa = PBXBuildFile; fileRef = DCCD4E6224AB18B2001F4751 /* AppDelegate.swift */; };
		DCCD4E6524AB18B2001F4751 /* SceneDelegate.swift in Sources */ = {isa = PBXBuildFile; fileRef = DCCD4E6424AB18B2001F4751 /* SceneDelegate.swift */; };
		DCCD4E6A24AB18B2001F4751 /* Main.storyboard in Resources */ = {isa = PBXBuildFile; fileRef = DCCD4E6824AB18B2001F4751 /* Main.storyboard */; };
		DCCD4E6C24AB18B4001F4751 /* Assets.xcassets in Resources */ = {isa = PBXBuildFile; fileRef = DCCD4E6B24AB18B4001F4751 /* Assets.xcassets */; };
		DCCD4E6F24AB18B4001F4751 /* LaunchScreen.storyboard in Resources */ = {isa = PBXBuildFile; fileRef = DCCD4E6D24AB18B4001F4751 /* LaunchScreen.storyboard */; };
/* End PBXBuildFile section */

/* Begin PBXFileReference section */
		2DEB3A1ED325CB64D9CAD987 /* Pods_WSIET.framework */ = {isa = PBXFileReference; explicitFileType = wrapper.framework; includeInIndex = 0; path = Pods_WSIET.framework; sourceTree = BUILT_PRODUCTS_DIR; };
		4E9C48ACF4F3511EE3E4B456 /* Pods-WSIET.release.xcconfig */ = {isa = PBXFileReference; includeInIndex = 1; lastKnownFileType = text.xcconfig; name = "Pods-WSIET.release.xcconfig"; path = "Target Support Files/Pods-WSIET/Pods-WSIET.release.xcconfig"; sourceTree = "<group>"; };
		DCB0FC0024B471EC00044ED2 /* SearchViewController.swift */ = {isa = PBXFileReference; lastKnownFileType = sourcecode.swift; path = SearchViewController.swift; sourceTree = "<group>"; };
		DCB0FC0224B476C900044ED2 /* BookMarkTableViewController.swift */ = {isa = PBXFileReference; lastKnownFileType = sourcecode.swift; path = BookMarkTableViewController.swift; sourceTree = "<group>"; };
		DCB0FC0424B4777C00044ED2 /* SettingTableViewController.swift */ = {isa = PBXFileReference; lastKnownFileType = sourcecode.swift; path = SettingTableViewController.swift; sourceTree = "<group>"; };
		DCCD3C3824B882F6008BC325 /* seoul.gpx */ = {isa = PBXFileReference; lastKnownFileType = text.xml; path = seoul.gpx; sourceTree = "<group>"; };
		DCCD4E5F24AB18B2001F4751 /* WSIET.app */ = {isa = PBXFileReference; explicitFileType = wrapper.application; includeInIndex = 0; path = WSIET.app; sourceTree = BUILT_PRODUCTS_DIR; };
		DCCD4E6224AB18B2001F4751 /* AppDelegate.swift */ = {isa = PBXFileReference; lastKnownFileType = sourcecode.swift; path = AppDelegate.swift; sourceTree = "<group>"; };
		DCCD4E6424AB18B2001F4751 /* SceneDelegate.swift */ = {isa = PBXFileReference; lastKnownFileType = sourcecode.swift; path = SceneDelegate.swift; sourceTree = "<group>"; };
		DCCD4E6924AB18B2001F4751 /* Base */ = {isa = PBXFileReference; lastKnownFileType = file.storyboard; name = Base; path = Base.lproj/Main.storyboard; sourceTree = "<group>"; };
		DCCD4E6B24AB18B4001F4751 /* Assets.xcassets */ = {isa = PBXFileReference; lastKnownFileType = folder.assetcatalog; path = Assets.xcassets; sourceTree = "<group>"; };
		DCCD4E6E24AB18B4001F4751 /* Base */ = {isa = PBXFileReference; lastKnownFileType = file.storyboard; name = Base; path = Base.lproj/LaunchScreen.storyboard; sourceTree = "<group>"; };
		DCCD4E7024AB18B4001F4751 /* Info.plist */ = {isa = PBXFileReference; lastKnownFileType = text.plist.xml; path = Info.plist; sourceTree = "<group>"; };
		F2CDE997CE83E79C4ED404C6 /* Pods-WSIET.debug.xcconfig */ = {isa = PBXFileReference; includeInIndex = 1; lastKnownFileType = text.xcconfig; name = "Pods-WSIET.debug.xcconfig"; path = "Target Support Files/Pods-WSIET/Pods-WSIET.debug.xcconfig"; sourceTree = "<group>"; };
/* End PBXFileReference section */

/* Begin PBXFrameworksBuildPhase section */
		DCCD4E5C24AB18B2001F4751 /* Frameworks */ = {
			isa = PBXFrameworksBuildPhase;
			buildActionMask = 2147483647;
			files = (
				A822F207290D2EC4AE6DD99C /* Pods_WSIET.framework in Frameworks */,
			);
			runOnlyForDeploymentPostprocessing = 0;
		};
/* End PBXFrameworksBuildPhase section */

/* Begin PBXGroup section */
		31AEDEB2B45973BC00A11C2A /* Frameworks */ = {
			isa = PBXGroup;
			children = (
				2DEB3A1ED325CB64D9CAD987 /* Pods_WSIET.framework */,
			);
			name = Frameworks;
			sourceTree = "<group>";
		};
		A6628B62A86C3FA23B5BBE42 /* Pods */ = {
			isa = PBXGroup;
			children = (
				F2CDE997CE83E79C4ED404C6 /* Pods-WSIET.debug.xcconfig */,
				4E9C48ACF4F3511EE3E4B456 /* Pods-WSIET.release.xcconfig */,
			);
			path = Pods;
			sourceTree = "<group>";
		};
		DCCD4E5624AB18B2001F4751 = {
			isa = PBXGroup;
			children = (
				DCCD4E6124AB18B2001F4751 /* WSIET */,
				DCCD4E6024AB18B2001F4751 /* Products */,
				31AEDEB2B45973BC00A11C2A /* Frameworks */,
				A6628B62A86C3FA23B5BBE42 /* Pods */,
			);
			sourceTree = "<group>";
		};
		DCCD4E6024AB18B2001F4751 /* Products */ = {
			isa = PBXGroup;
			children = (
				DCCD4E5F24AB18B2001F4751 /* WSIET.app */,
			);
			name = Products;
			sourceTree = "<group>";
		};
		DCCD4E6124AB18B2001F4751 /* WSIET */ = {
			isa = PBXGroup;
			children = (
				DCCD4E6224AB18B2001F4751 /* AppDelegate.swift */,
				DCCD4E6424AB18B2001F4751 /* SceneDelegate.swift */,
				DCCD4E6824AB18B2001F4751 /* Main.storyboard */,
				DCB0FC0424B4777C00044ED2 /* SettingTableViewController.swift */,
				DCB0FC0224B476C900044ED2 /* BookMarkTableViewController.swift */,
				DCB0FC0024B471EC00044ED2 /* SearchViewController.swift */,
				DCCD3C3824B882F6008BC325 /* seoul.gpx */,
				DCCD4E6B24AB18B4001F4751 /* Assets.xcassets */,
				DCCD4E6D24AB18B4001F4751 /* LaunchScreen.storyboard */,
				DCCD4E7024AB18B4001F4751 /* Info.plist */,
			);
			path = WSIET;
			sourceTree = "<group>";
		};
/* End PBXGroup section */

/* Begin PBXNativeTarget section */
		DCCD4E5E24AB18B2001F4751 /* WSIET */ = {
			isa = PBXNativeTarget;
			buildConfigurationList = DCCD4E7324AB18B4001F4751 /* Build configuration list for PBXNativeTarget "WSIET" */;
			buildPhases = (
				56DAA1D7B1E900081A6717DA /* [CP] Check Pods Manifest.lock */,
				DCCD4E5B24AB18B2001F4751 /* Sources */,
				DCCD4E5C24AB18B2001F4751 /* Frameworks */,
				DCCD4E5D24AB18B2001F4751 /* Resources */,
				1B81F9E58811A0E36E16C6FC /* [CP] Copy Pods Resources */,
			);
			buildRules = (
			);
			dependencies = (
			);
			name = WSIET;
			productName = WSIET;
			productReference = DCCD4E5F24AB18B2001F4751 /* WSIET.app */;
			productType = "com.apple.product-type.application";
		};
/* End PBXNativeTarget section */

/* Begin PBXProject section */
		DCCD4E5724AB18B2001F4751 /* Project object */ = {
			isa = PBXProject;
			attributes = {
				LastSwiftUpdateCheck = 1150;
				LastUpgradeCheck = 1150;
				ORGANIZATIONNAME = JomiC;
				TargetAttributes = {
					DCCD4E5E24AB18B2001F4751 = {
						CreatedOnToolsVersion = 11.5;
					};
				};
			};
			buildConfigurationList = DCCD4E5A24AB18B2001F4751 /* Build configuration list for PBXProject "WSIET" */;
			compatibilityVersion = "Xcode 9.3";
			developmentRegion = en;
			hasScannedForEncodings = 0;
			knownRegions = (
				en,
				Base,
			);
			mainGroup = DCCD4E5624AB18B2001F4751;
			productRefGroup = DCCD4E6024AB18B2001F4751 /* Products */;
			projectDirPath = "";
			projectRoot = "";
			targets = (
				DCCD4E5E24AB18B2001F4751 /* WSIET */,
			);
		};
/* End PBXProject section */

/* Begin PBXResourcesBuildPhase section */
		DCCD4E5D24AB18B2001F4751 /* Resources */ = {
			isa = PBXResourcesBuildPhase;
			buildActionMask = 2147483647;
			files = (
				DCCD4E6F24AB18B4001F4751 /* LaunchScreen.storyboard in Resources */,
				DCCD4E6C24AB18B4001F4751 /* Assets.xcassets in Resources */,
				DCCD4E6A24AB18B2001F4751 /* Main.storyboard in Resources */,
			);
			runOnlyForDeploymentPostprocessing = 0;
		};
/* End PBXResourcesBuildPhase section */

/* Begin PBXShellScriptBuildPhase section */
		1B81F9E58811A0E36E16C6FC /* [CP] Copy Pods Resources */ = {
			isa = PBXShellScriptBuildPhase;
			buildActionMask = 2147483647;
			files = (
			);
			inputFileListPaths = (
				"${PODS_ROOT}/Target Support Files/Pods-WSIET/Pods-WSIET-resources-${CONFIGURATION}-input-files.xcfilelist",
			);
			name = "[CP] Copy Pods Resources";
			outputFileListPaths = (
				"${PODS_ROOT}/Target Support Files/Pods-WSIET/Pods-WSIET-resources-${CONFIGURATION}-output-files.xcfilelist",
			);
			runOnlyForDeploymentPostprocessing = 0;
			shellPath = /bin/sh;
			shellScript = "\"${PODS_ROOT}/Target Support Files/Pods-WSIET/Pods-WSIET-resources.sh\"\n";
			showEnvVarsInLog = 0;
		};
		56DAA1D7B1E900081A6717DA /* [CP] Check Pods Manifest.lock */ = {
			isa = PBXShellScriptBuildPhase;
			buildActionMask = 2147483647;
			files = (
			);
			inputFileListPaths = (
			);
			inputPaths = (
				"${PODS_PODFILE_DIR_PATH}/Podfile.lock",
				"${PODS_ROOT}/Manifest.lock",
			);
			name = "[CP] Check Pods Manifest.lock";
			outputFileListPaths = (
			);
			outputPaths = (
				"$(DERIVED_FILE_DIR)/Pods-WSIET-checkManifestLockResult.txt",
			);
			runOnlyForDeploymentPostprocessing = 0;
			shellPath = /bin/sh;
			shellScript = "diff \"${PODS_PODFILE_DIR_PATH}/Podfile.lock\" \"${PODS_ROOT}/Manifest.lock\" > /dev/null\nif [ $? != 0 ] ; then\n    # print error to STDERR\n    echo \"error: The sandbox is not in sync with the Podfile.lock. Run 'pod install' or update your CocoaPods installation.\" >&2\n    exit 1\nfi\n# This output is used by Xcode 'outputs' to avoid re-running this script phase.\necho \"SUCCESS\" > \"${SCRIPT_OUTPUT_FILE_0}\"\n";
			showEnvVarsInLog = 0;
		};
/* End PBXShellScriptBuildPhase section */

/* Begin PBXSourcesBuildPhase section */
		DCCD4E5B24AB18B2001F4751 /* Sources */ = {
			isa = PBXSourcesBuildPhase;
			buildActionMask = 2147483647;
			files = (
				DCB0FC0524B4777C00044ED2 /* SettingTableViewController.swift in Sources */,
				DCB0FC0324B476C900044ED2 /* BookMarkTableViewController.swift in Sources */,
				DCCD4E6324AB18B2001F4751 /* AppDelegate.swift in Sources */,
				DCB0FC0124B471EC00044ED2 /* SearchViewController.swift in Sources */,
				DCCD4E6524AB18B2001F4751 /* SceneDelegate.swift in Sources */,
			);
			runOnlyForDeploymentPostprocessing = 0;
		};
/* End PBXSourcesBuildPhase section */

/* Begin PBXVariantGroup section */
		DCCD4E6824AB18B2001F4751 /* Main.storyboard */ = {
			isa = PBXVariantGroup;
			children = (
				DCCD4E6924AB18B2001F4751 /* Base */,
			);
			name = Main.storyboard;
			sourceTree = "<group>";
		};
		DCCD4E6D24AB18B4001F4751 /* LaunchScreen.storyboard */ = {
			isa = PBXVariantGroup;
			children = (
				DCCD4E6E24AB18B4001F4751 /* Base */,
			);
			name = LaunchScreen.storyboard;
			sourceTree = "<group>";
		};
/* End PBXVariantGroup section */

/* Begin XCBuildConfiguration section */
		DCCD4E7124AB18B4001F4751 /* Debug */ = {
			isa = XCBuildConfiguration;
			buildSettings = {
				ALWAYS_SEARCH_USER_PATHS = NO;
				CLANG_ANALYZER_NONNULL = YES;
				CLANG_ANALYZER_NUMBER_OBJECT_CONVERSION = YES_AGGRESSIVE;
				CLANG_CXX_LANGUAGE_STANDARD = "gnu++14";
				CLANG_CXX_LIBRARY = "libc++";
				CLANG_ENABLE_MODULES = YES;
				CLANG_ENABLE_OBJC_ARC = YES;
				CLANG_ENABLE_OBJC_WEAK = YES;
				CLANG_WARN_BLOCK_CAPTURE_AUTORELEASING = YES;
				CLANG_WARN_BOOL_CONVERSION = YES;
				CLANG_WARN_COMMA = YES;
				CLANG_WARN_CONSTANT_CONVERSION = YES;
				CLANG_WARN_DEPRECATED_OBJC_IMPLEMENTATIONS = YES;
				CLANG_WARN_DIRECT_OBJC_ISA_USAGE = YES_ERROR;
				CLANG_WARN_DOCUMENTATION_COMMENTS = YES;
				CLANG_WARN_EMPTY_BODY = YES;
				CLANG_WARN_ENUM_CONVERSION = YES;
				CLANG_WARN_INFINITE_RECURSION = YES;
				CLANG_WARN_INT_CONVERSION = YES;
				CLANG_WARN_NON_LITERAL_NULL_CONVERSION = YES;
				CLANG_WARN_OBJC_IMPLICIT_RETAIN_SELF = YES;
				CLANG_WARN_OBJC_LITERAL_CONVERSION = YES;
				CLANG_WARN_OBJC_ROOT_CLASS = YES_ERROR;
				CLANG_WARN_RANGE_LOOP_ANALYSIS = YES;
				CLANG_WARN_STRICT_PROTOTYPES = YES;
				CLANG_WARN_SUSPICIOUS_MOVE = YES;
				CLANG_WARN_UNGUARDED_AVAILABILITY = YES_AGGRESSIVE;
				CLANG_WARN_UNREACHABLE_CODE = YES;
				CLANG_WARN__DUPLICATE_METHOD_MATCH = YES;
				COPY_PHASE_STRIP = NO;
				DEBUG_INFORMATION_FORMAT = dwarf;
				ENABLE_STRICT_OBJC_MSGSEND = YES;
				ENABLE_TESTABILITY = YES;
				GCC_C_LANGUAGE_STANDARD = gnu11;
				GCC_DYNAMIC_NO_PIC = NO;
				GCC_NO_COMMON_BLOCKS = YES;
				GCC_OPTIMIZATION_LEVEL = 0;
				GCC_PREPROCESSOR_DEFINITIONS = (
					"DEBUG=1",
					"$(inherited)",
				);
				GCC_WARN_64_TO_32_BIT_CONVERSION = YES;
				GCC_WARN_ABOUT_RETURN_TYPE = YES_ERROR;
				GCC_WARN_UNDECLARED_SELECTOR = YES;
				GCC_WARN_UNINITIALIZED_AUTOS = YES_AGGRESSIVE;
				GCC_WARN_UNUSED_FUNCTION = YES;
				GCC_WARN_UNUSED_VARIABLE = YES;
				IPHONEOS_DEPLOYMENT_TARGET = 13.5;
				MTL_ENABLE_DEBUG_INFO = INCLUDE_SOURCE;
				MTL_FAST_MATH = YES;
				ONLY_ACTIVE_ARCH = YES;
				SDKROOT = iphoneos;
				SWIFT_ACTIVE_COMPILATION_CONDITIONS = DEBUG;
				SWIFT_OPTIMIZATION_LEVEL = "-Onone";
			};
			name = Debug;
		};
		DCCD4E7224AB18B4001F4751 /* Release */ = {
			isa = XCBuildConfiguration;
			buildSettings = {
				ALWAYS_SEARCH_USER_PATHS = NO;
				CLANG_ANALYZER_NONNULL = YES;
				CLANG_ANALYZER_NUMBER_OBJECT_CONVERSION = YES_AGGRESSIVE;
				CLANG_CXX_LANGUAGE_STANDARD = "gnu++14";
				CLANG_CXX_LIBRARY = "libc++";
				CLANG_ENABLE_MODULES = YES;
				CLANG_ENABLE_OBJC_ARC = YES;
				CLANG_ENABLE_OBJC_WEAK = YES;
				CLANG_WARN_BLOCK_CAPTURE_AUTORELEASING = YES;
				CLANG_WARN_BOOL_CONVERSION = YES;
				CLANG_WARN_COMMA = YES;
				CLANG_WARN_CONSTANT_CONVERSION = YES;
				CLANG_WARN_DEPRECATED_OBJC_IMPLEMENTATIONS = YES;
				CLANG_WARN_DIRECT_OBJC_ISA_USAGE = YES_ERROR;
				CLANG_WARN_DOCUMENTATION_COMMENTS = YES;
				CLANG_WARN_EMPTY_BODY = YES;
				CLANG_WARN_ENUM_CONVERSION = YES;
				CLANG_WARN_INFINITE_RECURSION = YES;
				CLANG_WARN_INT_CONVERSION = YES;
				CLANG_WARN_NON_LITERAL_NULL_CONVERSION = YES;
				CLANG_WARN_OBJC_IMPLICIT_RETAIN_SELF = YES;
				CLANG_WARN_OBJC_LITERAL_CONVERSION = YES;
				CLANG_WARN_OBJC_ROOT_CLASS = YES_ERROR;
				CLANG_WARN_RANGE_LOOP_ANALYSIS = YES;
				CLANG_WARN_STRICT_PROTOTYPES = YES;
				CLANG_WARN_SUSPICIOUS_MOVE = YES;
				CLANG_WARN_UNGUARDED_AVAILABILITY = YES_AGGRESSIVE;
				CLANG_WARN_UNREACHABLE_CODE = YES;
				CLANG_WARN__DUPLICATE_METHOD_MATCH = YES;
				COPY_PHASE_STRIP = NO;
				DEBUG_INFORMATION_FORMAT = "dwarf-with-dsym";
				ENABLE_NS_ASSERTIONS = NO;
				ENABLE_STRICT_OBJC_MSGSEND = YES;
				GCC_C_LANGUAGE_STANDARD = gnu11;
				GCC_NO_COMMON_BLOCKS = YES;
				GCC_WARN_64_TO_32_BIT_CONVERSION = YES;
				GCC_WARN_ABOUT_RETURN_TYPE = YES_ERROR;
				GCC_WARN_UNDECLARED_SELECTOR = YES;
				GCC_WARN_UNINITIALIZED_AUTOS = YES_AGGRESSIVE;
				GCC_WARN_UNUSED_FUNCTION = YES;
				GCC_WARN_UNUSED_VARIABLE = YES;
				IPHONEOS_DEPLOYMENT_TARGET = 13.5;
				MTL_ENABLE_DEBUG_INFO = NO;
				MTL_FAST_MATH = YES;
				SDKROOT = iphoneos;
				SWIFT_COMPILATION_MODE = wholemodule;
				SWIFT_OPTIMIZATION_LEVEL = "-O";
				VALIDATE_PRODUCT = YES;
			};
			name = Release;
		};
		DCCD4E7424AB18B4001F4751 /* Debug */ = {
			isa = XCBuildConfiguration;
			baseConfigurationReference = F2CDE997CE83E79C4ED404C6 /* Pods-WSIET.debug.xcconfig */;
			buildSettings = {
				ASSETCATALOG_COMPILER_APPICON_NAME = AppIcon;
				CODE_SIGN_STYLE = Automatic;
				DEVELOPMENT_TEAM = TVWD3JU467;
				INFOPLIST_FILE = WSIET/Info.plist;
				LD_RUNPATH_SEARCH_PATHS = (
					"$(inherited)",
					"@executable_path/Frameworks",
				);
				PRODUCT_BUNDLE_IDENTIFIER = jeong.JomiC.WSIET;
				PRODUCT_NAME = "$(TARGET_NAME)";
				SWIFT_VERSION = 5.0;
				TARGETED_DEVICE_FAMILY = "1,2";
			};
			name = Debug;
		};
		DCCD4E7524AB18B4001F4751 /* Release */ = {
			isa = XCBuildConfiguration;
			baseConfigurationReference = 4E9C48ACF4F3511EE3E4B456 /* Pods-WSIET.release.xcconfig */;
			buildSettings = {
				ASSETCATALOG_COMPILER_APPICON_NAME = AppIcon;
				CODE_SIGN_STYLE = Automatic;
				DEVELOPMENT_TEAM = TVWD3JU467;
				INFOPLIST_FILE = WSIET/Info.plist;
				LD_RUNPATH_SEARCH_PATHS = (
					"$(inherited)",
					"@executable_path/Frameworks",
				);
				PRODUCT_BUNDLE_IDENTIFIER = jeong.JomiC.WSIET;
				PRODUCT_NAME = "$(TARGET_NAME)";
				SWIFT_VERSION = 5.0;
				TARGETED_DEVICE_FAMILY = "1,2";
			};
			name = Release;
		};
/* End XCBuildConfiguration section */

/* Begin XCConfigurationList section */
		DCCD4E5A24AB18B2001F4751 /* Build configuration list for PBXProject "WSIET" */ = {
			isa = XCConfigurationList;
			buildConfigurations = (
				DCCD4E7124AB18B4001F4751 /* Debug */,
				DCCD4E7224AB18B4001F4751 /* Release */,
			);
			defaultConfigurationIsVisible = 0;
			defaultConfigurationName = Release;
		};
		DCCD4E7324AB18B4001F4751 /* Build configuration list for PBXNativeTarget "WSIET" */ = {
			isa = XCConfigurationList;
			buildConfigurations = (
				DCCD4E7424AB18B4001F4751 /* Debug */,
				DCCD4E7524AB18B4001F4751 /* Release */,
			);
			defaultConfigurationIsVisible = 0;
			defaultConfigurationName = Release;
		};
/* End XCConfigurationList section */
	};
	rootObject = DCCD4E5724AB18B2001F4751 /* Project object */;
}
